
Microsoft Visual Studio Solution File, Format Version 12.00
# Visual Studio 15
VisualStudioVersion = 15.0.28010.2036
MinimumVisualStudioVersion = 10.0.40219.1
Project("{F184B08F-C81C-45F6-A57F-5ABD9991F28F}") = "Snapchat Public Story Downloader", "Snapchat Public Story Downloader\Snapchat Public Story Downloader.vbproj", "{AA1B889B-1EAD-43A8-9D12-C1DAF5DAFE8D}"
EndProject
Global
	GlobalSection(SolutionConfigurationPlatforms) = preSolution
		Debug|Any CPU = Debug|Any CPU
		Release|Any CPU = Release|Any CPU
	EndGlobalSection
	GlobalSection(ProjectConfigurationPlatforms) = postSolution
		{AA1B889B-1EAD-43A8-9D12-C1DAF5DAFE8D}.Debug|Any CPU.ActiveCfg = Debug|Any CPU
		{AA1B889B-1EAD-43A8-9D12-C1DAF5DAFE8D}.Debug|Any CPU.Build.0 = Debug|Any CPU
		{AA1B889B-1EAD-43A8-9D12-C1DAF5DAFE8D}.Release|Any CPU.ActiveCfg = Release|Any CPU
		{AA1B889B-1EAD-43A8-9D12-C1DAF5DAFE8D}.Release|Any CPU.Build.0 = Release|Any CPU
	EndGlobalSection
	GlobalSection(SolutionProperties) = preSolution
		HideSolutionNode = FALSE
	EndGlobalSection
	GlobalSection(ExtensibilityGlobals) = postSolution
		SolutionGuid = {C891987D-4E16-4B89-837F-14CD1CD7269B}
	EndGlobalSection
EndGlobal
